github.com/issue9/assert/v3 v3.1.0 h1:oxLFXS7QnBKI4lB31pRoYO96yErkWAJtR7iv+LNjAPg=
github.com/issue9/assert/v3 v3.1.0/go.mod h1:yft/uaskRpwQTyBT3n1zRl91SR1wNlO4fLZHzOa4bdM=
github.com/issue9/assert/v4 v4.1.1 h1:OhPE8SB8n/qZCNGLQa+6MQtr/B3oON0JAVj68k8jJlc=
github.com/issue9/assert/v4 v4.1.1/go.mod h1:v7qDRXi7AsaZZNh8eAK2rkLJg5/clztqQGA1DRv9Lv4=
github.com/issue9/localeutil v0.26.3 h1:sMfUWoE6Y5dcAjAIUbBMELnF9jPzGc2JcjX6MCYEJMo=
github.com/issue9/localeutil v0.26.3/go.mod h1:CaCXmzqOJaU6cNvo1lvy3xh1rGX3NCARjNDA+LkKOF4=
golang.org/x/text v0.14.0 h1:ScX5w1eTa3QqT8oi6+ziP7dTV1S2+ALU0bI+0zXKWiQ=
golang.org/x/text v0.14.0/go.mod h1:18ZOQIKpY8NJVqYksKHtTdi31H5itFRjB5/qKTNYzSU=
